
Microsoft Visual Studio Solution File, Format Version 12.00
# Visual Studio Version 17
VisualStudioVersion = 17.0.31611.283
MinimumVisualStudioVersion = 10.0.40219.1
Project("{FAE04EC0-301F-11D3-BF4B-00C04F79EFBC}") = "Rincon.Common", "Rincon.Common\Rincon.Common.csproj", "{C25EFDE4-EA7C-4D82-B868-1CC062FDC786}"
EndProject
Project("{FAE04EC0-301F-11D3-BF4B-00C04F79EFBC}") = "Rincon.Models", "Rincon.Models\Rincon.Models.csproj", "{0F071098-D9EA-4895-A341-6465EFB0C329}"
EndProject
Project("{FAE04EC0-301F-11D3-BF4B-00C04F79EFBC}") = "Rincon.DataAccess", "Rincon.DataAccess\Rincon.DataAccess.csproj", "{2710330D-2697-4BC3-8958-B31F66546981}"
EndProject
Project("{FAE04EC0-301F-11D3-BF4B-00C04F79EFBC}") = "Rincon", "Rincon\Rincon.csproj", "{8E621A2F-D875-4C86-A007-0E0C2853DF19}"
EndProject
Global
	GlobalSection(SolutionConfigurationPlatforms) = preSolution
		Debug|Any CPU = Debug|Any CPU
		Release|Any CPU = Release|Any CPU
	EndGlobalSection
	GlobalSection(ProjectConfigurationPlatforms) = postSolution
		{C25EFDE4-EA7C-4D82-B868-1CC062FDC786}.Debug|Any CPU.ActiveCfg = Debug|Any CPU
		{C25EFDE4-EA7C-4D82-B868-1CC062FDC786}.Debug|Any CPU.Build.0 = Debug|Any CPU
		{C25EFDE4-EA7C-4D82-B868-1CC062FDC786}.Release|Any CPU.ActiveCfg = Release|Any CPU
		{C25EFDE4-EA7C-4D82-B868-1CC062FDC786}.Release|Any CPU.Build.0 = Release|Any CPU
		{0F071098-D9EA-4895-A341-6465EFB0C329}.Debug|Any CPU.ActiveCfg = Debug|Any CPU
		{0F071098-D9EA-4895-A341-6465EFB0C329}.Debug|Any CPU.Build.0 = Debug|Any CPU
		{0F071098-D9EA-4895-A341-6465EFB0C329}.Release|Any CPU.ActiveCfg = Release|Any CPU
		{0F071098-D9EA-4895-A341-6465EFB0C329}.Release|Any CPU.Build.0 = Release|Any CPU
		{2710330D-2697-4BC3-8958-B31F66546981}.Debug|Any CPU.ActiveCfg = Debug|Any CPU
		{2710330D-2697-4BC3-8958-B31F66546981}.Debug|Any CPU.Build.0 = Debug|Any CPU
		{2710330D-2697-4BC3-8958-B31F66546981}.Release|Any CPU.ActiveCfg = Release|Any CPU
		{2710330D-2697-4BC3-8958-B31F66546981}.Release|Any CPU.Build.0 = Release|Any CPU
		{8E621A2F-D875-4C86-A007-0E0C2853DF19}.Debug|Any CPU.ActiveCfg = Debug|Any CPU
		{8E621A2F-D875-4C86-A007-0E0C2853DF19}.Debug|Any CPU.Build.0 = Debug|Any CPU
		{8E621A2F-D875-4C86-A007-0E0C2853DF19}.Release|Any CPU.ActiveCfg = Release|Any CPU
		{8E621A2F-D875-4C86-A007-0E0C2853DF19}.Release|Any CPU.Build.0 = Release|Any CPU
	EndGlobalSection
	GlobalSection(SolutionProperties) = preSolution
		HideSolutionNode = FALSE
	EndGlobalSection
	GlobalSection(ExtensibilityGlobals) = postSolution
		SolutionGuid = {61F7FB11-1E47-470C-91E2-47F8143E1572}
	EndGlobalSection
	GlobalSection(MonoDevelopProperties) = preSolution
		Policies = $0
		$0.DotNetNamingPolicy = $1
		$1.DirectoryNamespaceAssociation = PrefixedHierarchical
	EndGlobalSection
EndGlobal
